{
  "originHash" : "e0ba8a71c6a0235960d04c68bb7e9241e71922d9cc91b8944daecc19634a0cbb",
  "pins" : [
    {
      "identity" : "keychainaccess",
      "kind" : "remoteSourceControl",
      "location" : "https://github.com/kishikawakatsumi/KeychainAccess.git",
      "state" : {
        "branch" : "master",
        "revision" : "e0c7eebc5a4465a3c4680764f26b7a61f567cdaf"
      }
    },
    {
      "identity" : "kingfisher",
      "kind" : "remoteSourceControl",
      "location" : "https://github.com/onevcat/Kingfisher.git",
      "state" : {
        "revision" : "d30a5fad881137e2267f96a8e3fc35c58999bb94",
        "version" : "8.6.2"
      }
    }
  ],
  "version" : 3
}
