// !$*UTF8*$!
{
	archiveVersion = 1;
	classes = {
	};
	objectVersion = 77;
	objects = {

/* Begin PBXBuildFile section */
		6CB7CACE2EEACBE000A1227B /* Kingfisher in Frameworks */ = {isa = PBXBuildFile; productRef = 6CB7CACD2EEACBE000A1227B /* Kingfisher */; };
		6CB7CAD02EEACBE800A1227B /* KeychainAccess in Frameworks */ = {isa = PBXBuildFile; productRef = 6CB7CACF2EEACBE800A1227B /* KeychainAccess */; };
/* End PBXBuildFile section */

/* Begin PBXContainerItemProxy section */
		6C17511A2EEAB90800118EC9 /* PBXContainerItemProxy */ = {
			isa = PBXContainerItemProxy;
			containerPortal = 6C1751042EEAB90700118EC9 /* Project object */;
			proxyType = 1;
			remoteGlobalIDString = 6C17510B2EEAB90700118EC9;
			remoteInfo = PromptBox;
		};
		6C1751242EEAB90800118EC9 /* PBXContainerItemProxy */ = {
			isa = PBXContainerItemProxy;
			containerPortal = 6C1751042EEAB90700118EC9 /* Project object */;
			proxyType = 1;
			remoteGlobalIDString = 6C17510B2EEAB90700118EC9;
			remoteInfo = PromptBox;
		};
/* End PBXContainerItemProxy section */

/* Begin PBXFileReference section */
		6C17510C2EEAB90700118EC9 /* PromptBox.app */ = {isa = PBXFileReference; explicitFileType = wrapper.application; includeInIndex = 0; path = PromptBox.app; sourceTree = BUILT_PRODUCTS_DIR; };
		6C1751192EEAB90800118EC9 /* PromptBoxTests.xctest */ = {isa = PBXFileReference; explicitFileType = wrapper.cfbundle; includeInIndex = 0; path = PromptBoxTests.xctest; sourceTree = BUILT_PRODUCTS_DIR; };
		6C1751232EEAB90800118EC9 /* PromptBoxUITests.xctest */ = {isa = PBXFileReference; explicitFileType = wrapper.cfbundle; includeInIndex = 0; path = PromptBoxUITests.xctest; sourceTree = BUILT_PRODUCTS_DIR; };
/* End PBXFileReference section */

/* Begin PBXFileSystemSynchronizedBuildFileExceptionSet section */
		6CB7CBC62EEAE51100A1227B /* Exceptions for "PromptBox" folder in "PromptBox" target */ = {
			isa = PBXFileSystemSynchronizedBuildFileExceptionSet;
			membershipExceptions = (
				Info.plist,
			);
			target = 6C17510B2EEAB90700118EC9 /* PromptBox */;
		};
/* End PBXFileSystemSynchronizedBuildFileExceptionSet section */

/* Begin PBXFileSystemSynchronizedRootGroup section */
		6C17510E2EEAB90700118EC9 /* PromptBox */ = {
			isa = PBXFileSystemSynchronizedRootGroup;
			exceptions = (
				6CB7CBC62EEAE51100A1227B /* Exceptions for "PromptBox" folder in "PromptBox" target */,
			);
			path = PromptBox;
			sourceTree = "<group>";
		};
		6C17511C2EEAB90800118EC9 /* PromptBoxTests */ = {
			isa = PBXFileSystemSynchronizedRootGroup;
			path = PromptBoxTests;
			sourceTree = "<group>";
		};
		6C1751262EEAB90800118EC9 /* PromptBoxUITests */ = {
			isa = PBXFileSystemSynchronizedRootGroup;
			path = PromptBoxUITests;
			sourceTree = "<group>";
		};
/* End PBXFileSystemSynchronizedRootGroup section */

/* Begin PBXFrameworksBuildPhase section */
		6C1751092EEAB90700118EC9 /* Frameworks */ = {
			isa = PBXFrameworksBuildPhase;
			buildActionMask = 2147483647;
			files = (
				6CB7CAD02EEACBE800A1227B /* KeychainAccess in Frameworks */,
				6CB7CACE2EEACBE000A1227B /* Kingfisher in Frameworks */,
			);
			runOnlyForDeploymentPostprocessing = 0;
		};
		6C1751162EEAB90800118EC9 /* Frameworks */ = {
			isa = PBXFrameworksBuildPhase;
			buildActionMask = 2147483647;
			files = (
			);
			runOnlyForDeploymentPostprocessing = 0;
		};
		6C1751202EEAB90800118EC9 /* Frameworks */ = {
			isa = PBXFrameworksBuildPhase;
			buildActionMask = 2147483647;
			files = (
			);
			runOnlyForDeploymentPostprocessing = 0;
		};
/* End PBXFrameworksBuildPhase section */

/* Begin PBXGroup section */
		6C1751032EEAB90700118EC9 = {
			isa = PBXGroup;
			children = (
				6C17510E2EEAB90700118EC9 /* PromptBox */,
				6C17511C2EEAB90800118EC9 /* PromptBoxTests */,
				6C1751262EEAB90800118EC9 /* PromptBoxUITests */,
				6CB7CACC2EEACBE000A1227B /* Frameworks */,
				6C17510D2EEAB90700118EC9 /* Products */,
			);
			sourceTree = "<group>";
		};
		6C17510D2EEAB90700118EC9 /* Products */ = {
			isa = PBXGroup;
			children = (
				6C17510C2EEAB90700118EC9 /* PromptBox.app */,
				6C1751192EEAB90800118EC9 /* PromptBoxTests.xctest */,
				6C1751232EEAB90800118EC9 /* PromptBoxUITests.xctest */,
			);
			name = Products;
			sourceTree = "<group>";
		};
		6CB7CACC2EEACBE000A1227B /* Frameworks */ = {
			isa = PBXGroup;
			children = (
			);
			name = Frameworks;
			sourceTree = "<group>";
		};
/* End PBXGroup section */

/* Begin PBXNativeTarget section */
		6C17510B2EEAB90700118EC9 /* PromptBox */ = {
			isa = PBXNativeTarget;
			buildConfigurationList = 6C17512D2EEAB90800118EC9 /* Build configuration list for PBXNativeTarget "PromptBox" */;
			buildPhases = (
				6C1751082EEAB90700118EC9 /* Sources */,
				6C1751092EEAB90700118EC9 /* Frameworks */,
				6C17510A2EEAB90700118EC9 /* Resources */,
			);
			buildRules = (
			);
			dependencies = (
			);
			fileSystemSynchronizedGroups = (
				6C17510E2EEAB90700118EC9 /* PromptBox */,
			);
			name = PromptBox;
			packageProductDependencies = (
				6CB7CACD2EEACBE000A1227B /* Kingfisher */,
				6CB7CACF2EEACBE800A1227B /* KeychainAccess */,
			);
			productName = PromptBox;
			productReference = 6C17510C2EEAB90700118EC9 /* PromptBox.app */;
			productType = "com.apple.product-type.application";
		};
		6C1751182EEAB90800118EC9 /* PromptBoxTests */ = {
			isa = PBXNativeTarget;
			buildConfigurationList = 6C1751302EEAB90800118EC9 /* Build configuration list for PBXNativeTarget "PromptBoxTests" */;
			buildPhases = (
				6C1751152EEAB90800118EC9 /* Sources */,
				6C1751162EEAB90800118EC9 /* Frameworks */,
				6C1751172EEAB90800118EC9 /* Resources */,
			);
			buildRules = (
			);
			dependencies = (
				6C17511B2EEAB90800118EC9 /* PBXTargetDependency */,
			);
			fileSystemSynchronizedGroups = (
				6C17511C2EEAB90800118EC9 /* PromptBoxTests */,
			);
			name = PromptBoxTests;
			packageProductDependencies = (
			);
			productName = PromptBoxTests;
			productReference = 6C1751192EEAB90800118EC9 /* PromptBoxTests.xctest */;
			productType = "com.apple.product-type.bundle.unit-test";
		};
		6C1751222EEAB90800118EC9 /* PromptBoxUITests */ = {
			isa = PBXNativeTarget;
			buildConfigurationList = 6C1751332EEAB90800118EC9 /* Build configuration list for PBXNativeTarget "PromptBoxUITests" */;
			buildPhases = (
				6C17511F2EEAB90800118EC9 /* Sources */,
				6C1751202EEAB90800118EC9 /* Frameworks */,
				6C1751212EEAB90800118EC9 /* Resources */,
			);
			buildRules = (
			);
			dependencies = (
				6C1751252EEAB90800118EC9 /* PBXTargetDependency */,
			);
			fileSystemSynchronizedGroups = (
				6C1751262EEAB90800118EC9 /* PromptBoxUITests */,
			);
			name = PromptBoxUITests;
			packageProductDependencies = (
			);
			productName = PromptBoxUITests;
			productReference = 6C1751232EEAB90800118EC9 /* PromptBoxUITests.xctest */;
			productType = "com.apple.product-type.bundle.ui-testing";
		};
/* End PBXNativeTarget section */

/* Begin PBXProject section */
		6C1751042EEAB90700118EC9 /* Project object */ = {
			isa = PBXProject;
			attributes = {
				BuildIndependentTargetsInParallel = 1;
				LastSwiftUpdateCheck = 2610;
				LastUpgradeCheck = 2610;
				TargetAttributes = {
					6C17510B2EEAB90700118EC9 = {
						CreatedOnToolsVersion = 26.1.1;
					};
					6C1751182EEAB90800118EC9 = {
						CreatedOnToolsVersion = 26.1.1;
						TestTargetID = 6C17510B2EEAB90700118EC9;
					};
					6C1751222EEAB90800118EC9 = {
						CreatedOnToolsVersion = 26.1.1;
						TestTargetID = 6C17510B2EEAB90700118EC9;
					};
				};
			};
			buildConfigurationList = 6C1751072EEAB90700118EC9 /* Build configuration list for PBXProject "PromptBox" */;
			developmentRegion = en;
			hasScannedForEncodings = 0;
			knownRegions = (
				en,
				Base,
			);
			mainGroup = 6C1751032EEAB90700118EC9;
			minimizedProjectReferenceProxies = 1;
			packageReferences = (
				6C1752882EEAC6F100118EC9 /* XCRemoteSwiftPackageReference "Kingfisher" */,
				6C1752892EEAC6FE00118EC9 /* XCRemoteSwiftPackageReference "KeychainAccess" */,
			);
			preferredProjectObjectVersion = 77;
			productRefGroup = 6C17510D2EEAB90700118EC9 /* Products */;
			projectDirPath = "";
			projectRoot = "";
			targets = (
				6C17510B2EEAB90700118EC9 /* PromptBox */,
				6C1751182EEAB90800118EC9 /* PromptBoxTests */,
				6C1751222EEAB90800118EC9 /* PromptBoxUITests */,
			);
		};
/* End PBXProject section */

/* Begin PBXResourcesBuildPhase section */
		6C17510A2EEAB90700118EC9 /* Resources */ = {
			isa = PBXResourcesBuildPhase;
			buildActionMask = 2147483647;
			files = (
			);
			runOnlyForDeploymentPostprocessing = 0;
		};
		6C1751172EEAB90800118EC9 /* Resources */ = {
			isa = PBXResourcesBuildPhase;
			buildActionMask = 2147483647;
			files = (
			);
			runOnlyForDeploymentPostprocessing = 0;
		};
		6C1751212EEAB90800118EC9 /* Resources */ = {
			isa = PBXResourcesBuildPhase;
			buildActionMask = 2147483647;
			files = (
			);
			runOnlyForDeploymentPostprocessing = 0;
		};
/* End PBXResourcesBuildPhase section */

/* Begin PBXSourcesBuildPhase section */
		6C1751082EEAB90700118EC9 /* Sources */ = {
			isa = PBXSourcesBuildPhase;
			buildActionMask = 2147483647;
			files = (
			);
			runOnlyForDeploymentPostprocessing = 0;
		};
		6C1751152EEAB90800118EC9 /* Sources */ = {
			isa = PBXSourcesBuildPhase;
			buildActionMask = 2147483647;
			files = (
			);
			runOnlyForDeploymentPostprocessing = 0;
		};
		6C17511F2EEAB90800118EC9 /* Sources */ = {
			isa = PBXSourcesBuildPhase;
			buildActionMask = 2147483647;
			files = (
			);
			runOnlyForDeploymentPostprocessing = 0;
		};
/* End PBXSourcesBuildPhase section */

/* Begin PBXTargetDependency section */
		6C17511B2EEAB90800118EC9 /* PBXTargetDependency */ = {
			isa = PBXTargetDependency;
			target = 6C17510B2EEAB90700118EC9 /* PromptBox */;
			targetProxy = 6C17511A2EEAB90800118EC9 /* PBXContainerItemProxy */;
		};
		6C1751252EEAB90800118EC9 /* PBXTargetDependency */ = {
			isa = PBXTargetDependency;
			target = 6C17510B2EEAB90700118EC9 /* PromptBox */;
			targetProxy = 6C1751242EEAB90800118EC9 /* PBXContainerItemProxy */;
		};
/* End PBXTargetDependency section */

/* Begin XCBuildConfiguration section */
		6C17512B2EEAB90800118EC9 /* Debug */ = {
			isa = XCBuildConfiguration;
			buildSettings = {
				ALWAYS_SEARCH_USER_PATHS = NO;
				ASSETCATALOG_COMPILER_GENERATE_SWIFT_ASSET_SYMBOL_EXTENSIONS = YES;
				CLANG_ANALYZER_NONNULL = YES;
				CLANG_ANALYZER_NUMBER_OBJECT_CONVERSION = YES_AGGRESSIVE;
				CLANG_CXX_LANGUAGE_STANDARD = "gnu++20";
				CLANG_ENABLE_MODULES = YES;
				CLANG_ENABLE_OBJC_ARC = YES;
				CLANG_ENABLE_OBJC_WEAK = YES;
				CLANG_WARN_BLOCK_CAPTURE_AUTORELEASING = YES;
				CLANG_WARN_BOOL_CONVERSION = YES;
				CLANG_WARN_COMMA = YES;
				CLANG_WARN_CONSTANT_CONVERSION = YES;
				CLANG_WARN_DEPRECATED_OBJC_IMPLEMENTATIONS = YES;
				CLANG_WARN_DIRECT_OBJC_ISA_USAGE = YES_ERROR;
				CLANG_WARN_DOCUMENTATION_COMMENTS = YES;
				CLANG_WARN_EMPTY_BODY = YES;
				CLANG_WARN_ENUM_CONVERSION = YES;
				CLANG_WARN_INFINITE_RECURSION = YES;
				CLANG_WARN_INT_CONVERSION = YES;
				CLANG_WARN_NON_LITERAL_NULL_CONVERSION = YES;
				CLANG_WARN_OBJC_IMPLICIT_RETAIN_SELF = YES;
				CLANG_WARN_OBJC_LITERAL_CONVERSION = YES;
				CLANG_WARN_OBJC_ROOT_CLASS = YES_ERROR;
				CLANG_WARN_QUOTED_INCLUDE_IN_FRAMEWORK_HEADER = YES;
				CLANG_WARN_RANGE_LOOP_ANALYSIS = YES;
				CLANG_WARN_STRICT_PROTOTYPES = YES;
				CLANG_WARN_SUSPICIOUS_MOVE = YES;
				CLANG_WARN_UNGUARDED_AVAILABILITY = YES_AGGRESSIVE;
				CLANG_WARN_UNREACHABLE_CODE = YES;
				CLANG_WARN__DUPLICATE_METHOD_MATCH = YES;
				COPY_PHASE_STRIP = NO;
				DEBUG_INFORMATION_FORMAT = dwarf;
				DEVELOPMENT_TEAM = 37UHUC2AHU;
				ENABLE_STRICT_OBJC_MSGSEND = YES;
				ENABLE_TESTABILITY = YES;
				ENABLE_USER_SCRIPT_SANDBOXING = YES;
				GCC_C_LANGUAGE_STANDARD = gnu17;
				GCC_DYNAMIC_NO_PIC = NO;
				GCC_NO_COMMON_BLOCKS = YES;
				GCC_OPTIMIZATION_LEVEL = 0;
				GCC_PREPROCESSOR_DEFINITIONS = (
					"DEBUG=1",
					"$(inherited)",
				);
				GCC_WARN_64_TO_32_BIT_CONVERSION = YES;
				GCC_WARN_ABOUT_RETURN_TYPE = YES_ERROR;
				GCC_WARN_UNDECLARED_SELECTOR = YES;
				GCC_WARN_UNINITIALIZED_AUTOS = YES_AGGRESSIVE;
				GCC_WARN_UNUSED_FUNCTION = YES;
				GCC_WARN_UNUSED_VARIABLE = YES;
				IPHONEOS_DEPLOYMENT_TARGET = 26.1;
				LOCALIZATION_PREFERS_STRING_CATALOGS = YES;
				MTL_ENABLE_DEBUG_INFO = INCLUDE_SOURCE;
				MTL_FAST_MATH = YES;
				ONLY_ACTIVE_ARCH = YES;
				SDKROOT = iphoneos;
				SWIFT_ACTIVE_COMPILATION_CONDITIONS = "DEBUG $(inherited)";
				SWIFT_OPTIMIZATION_LEVEL = "-Onone";
			};
			name = Debug;
		};
		6C17512C2EEAB90800118EC9 /* Release */ = {
			isa = XCBuildConfiguration;
			buildSettings = {
				ALWAYS_SEARCH_USER_PATHS = NO;
				ASSETCATALOG_COMPILER_GENERATE_SWIFT_ASSET_SYMBOL_EXTENSIONS = YES;
				CLANG_ANALYZER_NONNULL = YES;
				CLANG_ANALYZER_NUMBER_OBJECT_CONVERSION = YES_AGGRESSIVE;
				CLANG_CXX_LANGUAGE_STANDARD = "gnu++20";
				CLANG_ENABLE_MODULES = YES;
				CLANG_ENABLE_OBJC_ARC = YES;
				CLANG_ENABLE_OBJC_WEAK = YES;
				CLANG_WARN_BLOCK_CAPTURE_AUTORELEASING = YES;
				CLANG_WARN_BOOL_CONVERSION = YES;
				CLANG_WARN_COMMA = YES;
				CLANG_WARN_CONSTANT_CONVERSION = YES;
				CLANG_WARN_DEPRECATED_OBJC_IMPLEMENTATIONS = YES;
				CLANG_WARN_DIRECT_OBJC_ISA_USAGE = YES_ERROR;
				CLANG_WARN_DOCUMENTATION_COMMENTS = YES;
				CLANG_WARN_EMPTY_BODY = YES;
				CLANG_WARN_ENUM_CONVERSION = YES;
				CLANG_WARN_INFINITE_RECURSION = YES;
				CLANG_WARN_INT_CONVERSION = YES;
				CLANG_WARN_NON_LITERAL_NULL_CONVERSION = YES;
				CLANG_WARN_OBJC_IMPLICIT_RETAIN_SELF = YES;
				CLANG_WARN_OBJC_LITERAL_CONVERSION = YES;
				CLANG_WARN_OBJC_ROOT_CLASS = YES_ERROR;
				CLANG_WARN_QUOTED_INCLUDE_IN_FRAMEWORK_HEADER = YES;
				CLANG_WARN_RANGE_LOOP_ANALYSIS = YES;
				CLANG_WARN_STRICT_PROTOTYPES = YES;
				CLANG_WARN_SUSPICIOUS_MOVE = YES;
				CLANG_WARN_UNGUARDED_AVAILABILITY = YES_AGGRESSIVE;
				CLANG_WARN_UNREACHABLE_CODE = YES;
				CLANG_WARN__DUPLICATE_METHOD_MATCH = YES;
				COPY_PHASE_STRIP = NO;
				DEBUG_INFORMATION_FORMAT = "dwarf-with-dsym";
				DEVELOPMENT_TEAM = 37UHUC2AHU;
				ENABLE_NS_ASSERTIONS = NO;
				ENABLE_STRICT_OBJC_MSGSEND = YES;
				ENABLE_USER_SCRIPT_SANDBOXING = YES;
				GCC_C_LANGUAGE_STANDARD = gnu17;
				GCC_NO_COMMON_BLOCKS = YES;
				GCC_WARN_64_TO_32_BIT_CONVERSION = YES;
				GCC_WARN_ABOUT_RETURN_TYPE = YES_ERROR;
				GCC_WARN_UNDECLARED_SELECTOR = YES;
				GCC_WARN_UNINITIALIZED_AUTOS = YES_AGGRESSIVE;
				GCC_WARN_UNUSED_FUNCTION = YES;
				GCC_WARN_UNUSED_VARIABLE = YES;
				IPHONEOS_DEPLOYMENT_TARGET = 26.1;
				LOCALIZATION_PREFERS_STRING_CATALOGS = YES;
				MTL_ENABLE_DEBUG_INFO = NO;
				MTL_FAST_MATH = YES;
				SDKROOT = iphoneos;
				SWIFT_COMPILATION_MODE = wholemodule;
				VALIDATE_PRODUCT = YES;
			};
			name = Release;
		};
		6C17512E2EEAB90800118EC9 /* Debug */ = {
			isa = XCBuildConfiguration;
			buildSettings = {
				ASSETCATALOG_COMPILER_APPICON_NAME = AppIcon;
				ASSETCATALOG_COMPILER_GLOBAL_ACCENT_COLOR_NAME = AccentColor;
				CODE_SIGN_STYLE = Automatic;
				CURRENT_PROJECT_VERSION = 1;
				DEVELOPMENT_TEAM = 37UHUC2AHU;
				ENABLE_PREVIEWS = YES;
				GENERATE_INFOPLIST_FILE = YES;
				INFOPLIST_FILE = PromptBox/Info.plist;
				INFOPLIST_KEY_UIApplicationSceneManifest_Generation = YES;
				INFOPLIST_KEY_UIApplicationSupportsIndirectInputEvents = YES;
				INFOPLIST_KEY_UILaunchScreen_Generation = YES;
				INFOPLIST_KEY_UISupportedInterfaceOrientations_iPad = "UIInterfaceOrientationPortrait UIInterfaceOrientationPortraitUpsideDown UIInterfaceOrientationLandscapeLeft UIInterfaceOrientationLandscapeRight";
				INFOPLIST_KEY_UISupportedInterfaceOrientations_iPhone = "UIInterfaceOrientationPortrait UIInterfaceOrientationLandscapeLeft UIInterfaceOrientationLandscapeRight";
				LD_RUNPATH_SEARCH_PATHS = (
					"$(inherited)",
					"@executable_path/Frameworks",
				);
				MARKETING_VERSION = 1.0;
				PRODUCT_BUNDLE_IDENTIFIER = com.urusy.PromptBox;
				PRODUCT_NAME = "$(TARGET_NAME)";
				STRING_CATALOG_GENERATE_SYMBOLS = YES;
				SWIFT_APPROACHABLE_CONCURRENCY = YES;
				SWIFT_DEFAULT_ACTOR_ISOLATION = MainActor;
				SWIFT_EMIT_LOC_STRINGS = YES;
				SWIFT_UPCOMING_FEATURE_MEMBER_IMPORT_VISIBILITY = YES;
				SWIFT_VERSION = 5.0;
				TARGETED_DEVICE_FAMILY = "1,2";
			};
			name = Debug;
		};
		6C17512F2EEAB90800118EC9 /* Release */ = {
			isa = XCBuildConfiguration;
			buildSettings = {
				ASSETCATALOG_COMPILER_APPICON_NAME = AppIcon;
				ASSETCATALOG_COMPILER_GLOBAL_ACCENT_COLOR_NAME = AccentColor;
				CODE_SIGN_STYLE = Automatic;
				CURRENT_PROJECT_VERSION = 1;
				DEVELOPMENT_TEAM = 37UHUC2AHU;
				ENABLE_PREVIEWS = YES;
				GENERATE_INFOPLIST_FILE = YES;
				INFOPLIST_FILE = PromptBox/Info.plist;
				INFOPLIST_KEY_UIApplicationSceneManifest_Generation = YES;
				INFOPLIST_KEY_UIApplicationSupportsIndirectInputEvents = YES;
				INFOPLIST_KEY_UILaunchScreen_Generation = YES;
				INFOPLIST_KEY_UISupportedInterfaceOrientations_iPad = "UIInterfaceOrientationPortrait UIInterfaceOrientationPortraitUpsideDown UIInterfaceOrientationLandscapeLeft UIInterfaceOrientationLandscapeRight";
				INFOPLIST_KEY_UISupportedInterfaceOrientations_iPhone = "UIInterfaceOrientationPortrait UIInterfaceOrientationLandscapeLeft UIInterfaceOrientationLandscapeRight";
				LD_RUNPATH_SEARCH_PATHS = (
					"$(inherited)",
					"@executable_path/Frameworks",
				);
				MARKETING_VERSION = 1.0;
				PRODUCT_BUNDLE_IDENTIFIER = com.urusy.PromptBox;
				PRODUCT_NAME = "$(TARGET_NAME)";
				STRING_CATALOG_GENERATE_SYMBOLS = YES;
				SWIFT_APPROACHABLE_CONCURRENCY = YES;
				SWIFT_DEFAULT_ACTOR_ISOLATION = MainActor;
				SWIFT_EMIT_LOC_STRINGS = YES;
				SWIFT_UPCOMING_FEATURE_MEMBER_IMPORT_VISIBILITY = YES;
				SWIFT_VERSION = 5.0;
				TARGETED_DEVICE_FAMILY = "1,2";
			};
			name = Release;
		};
		6C1751312EEAB90800118EC9 /* Debug */ = {
			isa = XCBuildConfiguration;
			buildSettings = {
				BUNDLE_LOADER = "$(TEST_HOST)";
				CODE_SIGN_STYLE = Automatic;
				CURRENT_PROJECT_VERSION = 1;
				DEVELOPMENT_TEAM = 37UHUC2AHU;
				GENERATE_INFOPLIST_FILE = YES;
				IPHONEOS_DEPLOYMENT_TARGET = 26.1;
				MARKETING_VERSION = 1.0;
				PRODUCT_BUNDLE_IDENTIFIER = com.urusy.PromptBoxTests;
				PRODUCT_NAME = "$(TARGET_NAME)";
				STRING_CATALOG_GENERATE_SYMBOLS = NO;
				SWIFT_APPROACHABLE_CONCURRENCY = YES;
				SWIFT_EMIT_LOC_STRINGS = NO;
				SWIFT_UPCOMING_FEATURE_MEMBER_IMPORT_VISIBILITY = YES;
				SWIFT_VERSION = 5.0;
				TARGETED_DEVICE_FAMILY = "1,2";
				TEST_HOST = "$(BUILT_PRODUCTS_DIR)/PromptBox.app/$(BUNDLE_EXECUTABLE_FOLDER_PATH)/PromptBox";
			};
			name = Debug;
		};
		6C1751322EEAB90800118EC9 /* Release */ = {
			isa = XCBuildConfiguration;
			buildSettings = {
				BUNDLE_LOADER = "$(TEST_HOST)";
				CODE_SIGN_STYLE = Automatic;
				CURRENT_PROJECT_VERSION = 1;
				DEVELOPMENT_TEAM = 37UHUC2AHU;
				GENERATE_INFOPLIST_FILE = YES;
				IPHONEOS_DEPLOYMENT_TARGET = 26.1;
				MARKETING_VERSION = 1.0;
				PRODUCT_BUNDLE_IDENTIFIER = com.urusy.PromptBoxTests;
				PRODUCT_NAME = "$(TARGET_NAME)";
				STRING_CATALOG_GENERATE_SYMBOLS = NO;
				SWIFT_APPROACHABLE_CONCURRENCY = YES;
				SWIFT_EMIT_LOC_STRINGS = NO;
				SWIFT_UPCOMING_FEATURE_MEMBER_IMPORT_VISIBILITY = YES;
				SWIFT_VERSION = 5.0;
				TARGETED_DEVICE_FAMILY = "1,2";
				TEST_HOST = "$(BUILT_PRODUCTS_DIR)/PromptBox.app/$(BUNDLE_EXECUTABLE_FOLDER_PATH)/PromptBox";
			};
			name = Release;
		};
		6C1751342EEAB90800118EC9 /* Debug */ = {
			isa = XCBuildConfiguration;
			buildSettings = {
				CODE_SIGN_STYLE = Automatic;
				CURRENT_PROJECT_VERSION = 1;
				DEVELOPMENT_TEAM = 37UHUC2AHU;
				GENERATE_INFOPLIST_FILE = YES;
				MARKETING_VERSION = 1.0;
				PRODUCT_BUNDLE_IDENTIFIER = com.urusy.PromptBoxUITests;
				PRODUCT_NAME = "$(TARGET_NAME)";
				STRING_CATALOG_GENERATE_SYMBOLS = NO;
				SWIFT_APPROACHABLE_CONCURRENCY = YES;
				SWIFT_EMIT_LOC_STRINGS = NO;
				SWIFT_UPCOMING_FEATURE_MEMBER_IMPORT_VISIBILITY = YES;
				SWIFT_VERSION = 5.0;
				TARGETED_DEVICE_FAMILY = "1,2";
				TEST_TARGET_NAME = PromptBox;
			};
			name = Debug;
		};
		6C1751352EEAB90800118EC9 /* Release */ = {
			isa = XCBuildConfiguration;
			buildSettings = {
				CODE_SIGN_STYLE = Automatic;
				CURRENT_PROJECT_VERSION = 1;
				DEVELOPMENT_TEAM = 37UHUC2AHU;
				GENERATE_INFOPLIST_FILE = YES;
				MARKETING_VERSION = 1.0;
				PRODUCT_BUNDLE_IDENTIFIER = com.urusy.PromptBoxUITests;
				PRODUCT_NAME = "$(TARGET_NAME)";
				STRING_CATALOG_GENERATE_SYMBOLS = NO;
				SWIFT_APPROACHABLE_CONCURRENCY = YES;
				SWIFT_EMIT_LOC_STRINGS = NO;
				SWIFT_UPCOMING_FEATURE_MEMBER_IMPORT_VISIBILITY = YES;
				SWIFT_VERSION = 5.0;
				TARGETED_DEVICE_FAMILY = "1,2";
				TEST_TARGET_NAME = PromptBox;
			};
			name = Release;
		};
/* End XCBuildConfiguration section */

/* Begin XCConfigurationList section */
		6C1751072EEAB90700118EC9 /* Build configuration list for PBXProject "PromptBox" */ = {
			isa = XCConfigurationList;
			buildConfigurations = (
				6C17512B2EEAB90800118EC9 /* Debug */,
				6C17512C2EEAB90800118EC9 /* Release */,
			);
			defaultConfigurationIsVisible = 0;
			defaultConfigurationName = Release;
		};
		6C17512D2EEAB90800118EC9 /* Build configuration list for PBXNativeTarget "PromptBox" */ = {
			isa = XCConfigurationList;
			buildConfigurations = (
				6C17512E2EEAB90800118EC9 /* Debug */,
				6C17512F2EEAB90800118EC9 /* Release */,
			);
			defaultConfigurationIsVisible = 0;
			defaultConfigurationName = Release;
		};
		6C1751302EEAB90800118EC9 /* Build configuration list for PBXNativeTarget "PromptBoxTests" */ = {
			isa = XCConfigurationList;
			buildConfigurations = (
				6C1751312EEAB90800118EC9 /* Debug */,
				6C1751322EEAB90800118EC9 /* Release */,
			);
			defaultConfigurationIsVisible = 0;
			defaultConfigurationName = Release;
		};
		6C1751332EEAB90800118EC9 /* Build configuration list for PBXNativeTarget "PromptBoxUITests" */ = {
			isa = XCConfigurationList;
			buildConfigurations = (
				6C1751342EEAB90800118EC9 /* Debug */,
				6C1751352EEAB90800118EC9 /* Release */,
			);
			defaultConfigurationIsVisible = 0;
			defaultConfigurationName = Release;
		};
/* End XCConfigurationList section */

/* Begin XCRemoteSwiftPackageReference section */
		6C1752882EEAC6F100118EC9 /* XCRemoteSwiftPackageReference "Kingfisher" */ = {
			isa = XCRemoteSwiftPackageReference;
			repositoryURL = "https://github.com/onevcat/Kingfisher.git";
			requirement = {
				kind = upToNextMajorVersion;
				minimumVersion = 8.6.2;
			};
		};
		6C1752892EEAC6FE00118EC9 /* XCRemoteSwiftPackageReference "KeychainAccess" */ = {
			isa = XCRemoteSwiftPackageReference;
			repositoryURL = "https://github.com/kishikawakatsumi/KeychainAccess.git";
			requirement = {
				branch = master;
				kind = branch;
			};
		};
/* End XCRemoteSwiftPackageReference section */

/* Begin XCSwiftPackageProductDependency section */
		6CB7CACD2EEACBE000A1227B /* Kingfisher */ = {
			isa = XCSwiftPackageProductDependency;
			package = 6C1752882EEAC6F100118EC9 /* XCRemoteSwiftPackageReference "Kingfisher" */;
			productName = Kingfisher;
		};
		6CB7CACF2EEACBE800A1227B /* KeychainAccess */ = {
			isa = XCSwiftPackageProductDependency;
			package = 6C1752892EEAC6FE00118EC9 /* XCRemoteSwiftPackageReference "KeychainAccess" */;
			productName = KeychainAccess;
		};
/* End XCSwiftPackageProductDependency section */
	};
	rootObject = 6C1751042EEAB90700118EC9 /* Project object */;
}
